// !$*UTF8*$!
{
	archiveVersion = 1;
	classes = {
	};
	objectVersion = 50;
	objects = {

/* Begin PBXBuildFile section */
		1034D6B1219EBA4D00F1E531 /* ButtonView.swift in Sources */ = {isa = PBXBuildFile; fileRef = 1034D6B0219EBA4D00F1E531 /* ButtonView.swift */; };
		1034D6B3219EBD2600F1E531 /* LabelView.swift in Sources */ = {isa = PBXBuildFile; fileRef = 1034D6B2219EBD2600F1E531 /* LabelView.swift */; };
		1041546D214A070600FD793B /* FlexLayout.framework in Frameworks */ = {isa = PBXBuildFile; fileRef = 1041546C214A070600FD793B /* FlexLayout.framework */; };
		1044489F2137DFFE006537A1 /* RxAnimated.framework in Frameworks */ = {isa = PBXBuildFile; fileRef = 1044489E2137DFFE006537A1 /* RxAnimated.framework */; };
		104448A12137DFFE006537A1 /* RxCocoa.framework in Frameworks */ = {isa = PBXBuildFile; fileRef = 104448A02137DFFE006537A1 /* RxCocoa.framework */; };
		104448A32137DFFE006537A1 /* RxGesture.framework in Frameworks */ = {isa = PBXBuildFile; fileRef = 104448A22137DFFE006537A1 /* RxGesture.framework */; };
		104448A52137DFFE006537A1 /* RxKeyboard.framework in Frameworks */ = {isa = PBXBuildFile; fileRef = 104448A42137DFFE006537A1 /* RxKeyboard.framework */; };
		104448A72137DFFE006537A1 /* RxOptional.framework in Frameworks */ = {isa = PBXBuildFile; fileRef = 104448A62137DFFE006537A1 /* RxOptional.framework */; };
		104448A92137DFFE006537A1 /* RxSwift.framework in Frameworks */ = {isa = PBXBuildFile; fileRef = 104448A82137DFFE006537A1 /* RxSwift.framework */; };
		104448AB2137DFFE006537A1 /* RxSwiftExt.framework in Frameworks */ = {isa = PBXBuildFile; fileRef = 104448AA2137DFFE006537A1 /* RxSwiftExt.framework */; };
		104448AD2137DFFE006537A1 /* SnapKit.framework in Frameworks */ = {isa = PBXBuildFile; fileRef = 104448AC2137DFFE006537A1 /* SnapKit.framework */; };
		10462F6121363336009D3C93 /* AppDelegate+windows.swift in Sources */ = {isa = PBXBuildFile; fileRef = 10462F6021363336009D3C93 /* AppDelegate+windows.swift */; };
		10462F642136341D009D3C93 /* MineViewController.swift in Sources */ = {isa = PBXBuildFile; fileRef = 10462F632136341D009D3C93 /* MineViewController.swift */; };
		10462F6621363559009D3C93 /* ProductViewController.swift in Sources */ = {isa = PBXBuildFile; fileRef = 10462F6521363559009D3C93 /* ProductViewController.swift */; };
		10462F682136360D009D3C93 /* HomeViewController.swift in Sources */ = {isa = PBXBuildFile; fileRef = 10462F672136360D009D3C93 /* HomeViewController.swift */; };
		10462F6B21363EF3009D3C93 /* Color.swift in Sources */ = {isa = PBXBuildFile; fileRef = 10462F6A21363EF3009D3C93 /* Color.swift */; };
		10462F70213676CA009D3C93 /* PushViewController.swift in Sources */ = {isa = PBXBuildFile; fileRef = 10462F6F213676CA009D3C93 /* PushViewController.swift */; };
		104CD2C3219574A900F43B84 /* ToolsController.swift in Sources */ = {isa = PBXBuildFile; fileRef = 104CD2C2219574A900F43B84 /* ToolsController.swift */; };
		106A8FB121AEA16300E38D41 /* PlaySingleAudioController.swift in Sources */ = {isa = PBXBuildFile; fileRef = 106A8FB021AEA16300E38D41 /* PlaySingleAudioController.swift */; };
		106A919F213FB0B9007B3DB1 /* Alamofire.framework in Frameworks */ = {isa = PBXBuildFile; fileRef = 106A919E213FB0B9007B3DB1 /* Alamofire.framework */; };
		1071965421995FF200B2C742 /* MakeMultiAudioController.swift in Sources */ = {isa = PBXBuildFile; fileRef = 1071965321995FF200B2C742 /* MakeMultiAudioController.swift */; };
		1072A3D621951D3B0036EEEC /* VideoActionView.swift in Sources */ = {isa = PBXBuildFile; fileRef = 1072A3D521951D3B0036EEEC /* VideoActionView.swift */; };
		1074C5D42193E488003B92BC /* MakeVedioController.swift in Sources */ = {isa = PBXBuildFile; fileRef = 1074C5D32193E488003B92BC /* MakeVedioController.swift */; };
		1074C5D921943C87003B92BC /* VideoToolsView.swift in Sources */ = {isa = PBXBuildFile; fileRef = 1074C5D821943C87003B92BC /* VideoToolsView.swift */; };
		10750F6E219AC8DD00F1CFC3 /* RecorderFileListTableView.swift in Sources */ = {isa = PBXBuildFile; fileRef = 10750F6D219AC8DD00F1CFC3 /* RecorderFileListTableView.swift */; };
		10750F70219ACA6C00F1CFC3 /* RecorderCell.swift in Sources */ = {isa = PBXBuildFile; fileRef = 10750F6F219ACA6C00F1CFC3 /* RecorderCell.swift */; };
		10750F73219AD93600F1CFC3 /* AudioModel.swift in Sources */ = {isa = PBXBuildFile; fileRef = 10750F72219AD93600F1CFC3 /* AudioModel.swift */; };
		10BA31FA21A24E6C00BC372E /* MakeSingleAudioController.swift in Sources */ = {isa = PBXBuildFile; fileRef = 10BA31F921A24E6C00BC372E /* MakeSingleAudioController.swift */; };
		10BA31FD21A28C4600BC372E /* AudioActionView.swift in Sources */ = {isa = PBXBuildFile; fileRef = 10BA31FC21A28C4600BC372E /* AudioActionView.swift */; };
		10C078762135562F00355A6B /* AppDelegate.swift in Sources */ = {isa = PBXBuildFile; fileRef = 10C078752135562F00355A6B /* AppDelegate.swift */; };
		10C078782135562F00355A6B /* ViewController.swift in Sources */ = {isa = PBXBuildFile; fileRef = 10C078772135562F00355A6B /* ViewController.swift */; };
		10C0787B2135562F00355A6B /* Main.storyboard in Resources */ = {isa = PBXBuildFile; fileRef = 10C078792135562F00355A6B /* Main.storyboard */; };
		10C0787D2135563000355A6B /* Assets.xcassets in Resources */ = {isa = PBXBuildFile; fileRef = 10C0787C2135563000355A6B /* Assets.xcassets */; };
		10C078802135563000355A6B /* LaunchScreen.storyboard in Resources */ = {isa = PBXBuildFile; fileRef = 10C0787E2135563000355A6B /* LaunchScreen.storyboard */; };
		10C0788B2135563000355A6B /* PushViewTests.swift in Sources */ = {isa = PBXBuildFile; fileRef = 10C0788A2135563000355A6B /* PushViewTests.swift */; };
		10C078962135563000355A6B /* PushViewUITests.swift in Sources */ = {isa = PBXBuildFile; fileRef = 10C078952135563000355A6B /* PushViewUITests.swift */; };
		10C078A42135570E00355A6B /* FourFunctionsTestViewController.swift in Sources */ = {isa = PBXBuildFile; fileRef = 10C078A32135570E00355A6B /* FourFunctionsTestViewController.swift */; };
		82DCD302BFD1DD88DFCD4903 /* Pods_PushViewUITests.framework in Frameworks */ = {isa = PBXBuildFile; fileRef = AF181275FBD8A027F809A101 /* Pods_PushViewUITests.framework */; };
		FE274AE4A084DC140D19AA49 /* Pods_CommonPods_PushView.framework in Frameworks */ = {isa = PBXBuildFile; fileRef = 5CC468406232D3F6E4F7B06B /* Pods_CommonPods_PushView.framework */; };
		FEE4FECED12C64FF96B1C422 /* Pods_PushViewTests.framework in Frameworks */ = {isa = PBXBuildFile; fileRef = 1C0D258E02ECFCE47DE16DE4 /* Pods_PushViewTests.framework */; };
/* End PBXBuildFile section */

/* Begin PBXContainerItemProxy section */
		10C078872135563000355A6B /* PBXContainerItemProxy */ = {
			isa = PBXContainerItemProxy;
			containerPortal = 10C0786A2135562F00355A6B /* Project object */;
			proxyType = 1;
			remoteGlobalIDString = 10C078712135562F00355A6B;
			remoteInfo = PushView;
		};
		10C078922135563000355A6B /* PBXContainerItemProxy */ = {
			isa = PBXContainerItemProxy;
			containerPortal = 10C0786A2135562F00355A6B /* Project object */;
			proxyType = 1;
			remoteGlobalIDString = 10C078712135562F00355A6B;
			remoteInfo = PushView;
		};
/* End PBXContainerItemProxy section */

/* Begin PBXFileReference section */
		1034D6B0219EBA4D00F1E531 /* ButtonView.swift */ = {isa = PBXFileReference; lastKnownFileType = sourcecode.swift; path = ButtonView.swift; sourceTree = "<group>"; };
		1034D6B2219EBD2600F1E531 /* LabelView.swift */ = {isa = PBXFileReference; lastKnownFileType = sourcecode.swift; path = LabelView.swift; sourceTree = "<group>"; };
		1041546C214A070600FD793B /* FlexLayout.framework */ = {isa = PBXFileReference; explicitFileType = wrapper.framework; path = FlexLayout.framework; sourceTree = BUILT_PRODUCTS_DIR; };
		1044489E2137DFFE006537A1 /* RxAnimated.framework */ = {isa = PBXFileReference; explicitFileType = wrapper.framework; path = RxAnimated.framework; sourceTree = BUILT_PRODUCTS_DIR; };
		104448A02137DFFE006537A1 /* RxCocoa.framework */ = {isa = PBXFileReference; explicitFileType = wrapper.framework; path = RxCocoa.framework; sourceTree = BUILT_PRODUCTS_DIR; };
		104448A22137DFFE006537A1 /* RxGesture.framework */ = {isa = PBXFileReference; explicitFileType = wrapper.framework; path = RxGesture.framework; sourceTree = BUILT_PRODUCTS_DIR; };
		104448A42137DFFE006537A1 /* RxKeyboard.framework */ = {isa = PBXFileReference; explicitFileType = wrapper.framework; path = RxKeyboard.framework; sourceTree = BUILT_PRODUCTS_DIR; };
		104448A62137DFFE006537A1 /* RxOptional.framework */ = {isa = PBXFileReference; explicitFileType = wrapper.framework; path = RxOptional.framework; sourceTree = BUILT_PRODUCTS_DIR; };
		104448A82137DFFE006537A1 /* RxSwift.framework */ = {isa = PBXFileReference; explicitFileType = wrapper.framework; path = RxSwift.framework; sourceTree = BUILT_PRODUCTS_DIR; };
		104448AA2137DFFE006537A1 /* RxSwiftExt.framework */ = {isa = PBXFileReference; explicitFileType = wrapper.framework; path = RxSwiftExt.framework; sourceTree = BUILT_PRODUCTS_DIR; };
		104448AC2137DFFE006537A1 /* SnapKit.framework */ = {isa = PBXFileReference; explicitFileType = wrapper.framework; path = SnapKit.framework; sourceTree = BUILT_PRODUCTS_DIR; };
		10462F6021363336009D3C93 /* AppDelegate+windows.swift */ = {isa = PBXFileReference; lastKnownFileType = sourcecode.swift; path = "AppDelegate+windows.swift"; sourceTree = "<group>"; };
		10462F632136341D009D3C93 /* MineViewController.swift */ = {isa = PBXFileReference; lastKnownFileType = sourcecode.swift; path = MineViewController.swift; sourceTree = "<group>"; };
		10462F6521363559009D3C93 /* ProductViewController.swift */ = {isa = PBXFileReference; lastKnownFileType = sourcecode.swift; path = ProductViewController.swift; sourceTree = "<group>"; };
		10462F672136360D009D3C93 /* HomeViewController.swift */ = {isa = PBXFileReference; lastKnownFileType = sourcecode.swift; path = HomeViewController.swift; sourceTree = "<group>"; };
		10462F6A21363EF3009D3C93 /* Color.swift */ = {isa = PBXFileReference; lastKnownFileType = sourcecode.swift; path = Color.swift; sourceTree = "<group>"; };
		10462F6F213676CA009D3C93 /* PushViewController.swift */ = {isa = PBXFileReference; lastKnownFileType = sourcecode.swift; path = PushViewController.swift; sourceTree = "<group>"; };
		104CD2C2219574A900F43B84 /* ToolsController.swift */ = {isa = PBXFileReference; lastKnownFileType = sourcecode.swift; path = ToolsController.swift; sourceTree = "<group>"; };
		106A8FB021AEA16300E38D41 /* PlaySingleAudioController.swift */ = {isa = PBXFileReference; lastKnownFileType = sourcecode.swift; path = PlaySingleAudioController.swift; sourceTree = "<group>"; };
		106A919E213FB0B9007B3DB1 /* Alamofire.framework */ = {isa = PBXFileReference; explicitFileType = wrapper.framework; path = Alamofire.framework; sourceTree = BUILT_PRODUCTS_DIR; };
		1071965321995FF200B2C742 /* MakeMultiAudioController.swift */ = {isa = PBXFileReference; lastKnownFileType = sourcecode.swift; path = MakeMultiAudioController.swift; sourceTree = "<group>"; };
		1072A3D521951D3B0036EEEC /* VideoActionView.swift */ = {isa = PBXFileReference; lastKnownFileType = sourcecode.swift; path = VideoActionView.swift; sourceTree = "<group>"; };
		1074C5D32193E488003B92BC /* MakeVedioController.swift */ = {isa = PBXFileReference; lastKnownFileType = sourcecode.swift; path = MakeVedioController.swift; sourceTree = "<group>"; };
		1074C5D821943C87003B92BC /* VideoToolsView.swift */ = {isa = PBXFileReference; lastKnownFileType = sourcecode.swift; path = VideoToolsView.swift; sourceTree = "<group>"; };
		10750F6D219AC8DD00F1CFC3 /* RecorderFileListTableView.swift */ = {isa = PBXFileReference; lastKnownFileType = sourcecode.swift; path = RecorderFileListTableView.swift; sourceTree = "<group>"; };
		10750F6F219ACA6C00F1CFC3 /* RecorderCell.swift */ = {isa = PBXFileReference; lastKnownFileType = sourcecode.swift; path = RecorderCell.swift; sourceTree = "<group>"; };
		10750F72219AD93600F1CFC3 /* AudioModel.swift */ = {isa = PBXFileReference; lastKnownFileType = sourcecode.swift; path = AudioModel.swift; sourceTree = "<group>"; };
		10BA31F921A24E6C00BC372E /* MakeSingleAudioController.swift */ = {isa = PBXFileReference; lastKnownFileType = sourcecode.swift; path = MakeSingleAudioController.swift; sourceTree = "<group>"; };
		10BA31FC21A28C4600BC372E /* AudioActionView.swift */ = {isa = PBXFileReference; lastKnownFileType = sourcecode.swift; path = AudioActionView.swift; sourceTree = "<group>"; };
		10C078722135562F00355A6B /* PushView.app */ = {isa = PBXFileReference; explicitFileType = wrapper.application; includeInIndex = 0; path = PushView.app; sourceTree = BUILT_PRODUCTS_DIR; };
		10C078752135562F00355A6B /* AppDelegate.swift */ = {isa = PBXFileReference; lastKnownFileType = sourcecode.swift; path = AppDelegate.swift; sourceTree = "<group>"; };
		10C078772135562F00355A6B /* ViewController.swift */ = {isa = PBXFileReference; lastKnownFileType = sourcecode.swift; path = ViewController.swift; sourceTree = "<group>"; };
		10C0787A2135562F00355A6B /* Base */ = {isa = PBXFileReference; lastKnownFileType = file.storyboard; name = Base; path = Base.lproj/Main.storyboard; sourceTree = "<group>"; };
		10C0787C2135563000355A6B /* Assets.xcassets */ = {isa = PBXFileReference; lastKnownFileType = folder.assetcatalog; path = Assets.xcassets; sourceTree = "<group>"; };
		10C0787F2135563000355A6B /* Base */ = {isa = PBXFileReference; lastKnownFileType = file.storyboard; name = Base; path = Base.lproj/LaunchScreen.storyboard; sourceTree = "<group>"; };
		10C078812135563000355A6B /* Info.plist */ = {isa = PBXFileReference; lastKnownFileType = text.plist.xml; path = Info.plist; sourceTree = "<group>"; };
		10C078862135563000355A6B /* PushViewTests.xctest */ = {isa = PBXFileReference; explicitFileType = wrapper.cfbundle; includeInIndex = 0; path = PushViewTests.xctest; sourceTree = BUILT_PRODUCTS_DIR; };
		10C0788A2135563000355A6B /* PushViewTests.swift */ = {isa = PBXFileReference; lastKnownFileType = sourcecode.swift; path = PushViewTests.swift; sourceTree = "<group>"; };
		10C0788C2135563000355A6B /* Info.plist */ = {isa = PBXFileReference; lastKnownFileType = text.plist.xml; path = Info.plist; sourceTree = "<group>"; };
		10C078912135563000355A6B /* PushViewUITests.xctest */ = {isa = PBXFileReference; explicitFileType = wrapper.cfbundle; includeInIndex = 0; path = PushViewUITests.xctest; sourceTree = BUILT_PRODUCTS_DIR; };
		10C078952135563000355A6B /* PushViewUITests.swift */ = {isa = PBXFileReference; lastKnownFileType = sourcecode.swift; path = PushViewUITests.swift; sourceTree = "<group>"; };
		10C078972135563000355A6B /* Info.plist */ = {isa = PBXFileReference; lastKnownFileType = text.plist.xml; path = Info.plist; sourceTree = "<group>"; };
		10C078A32135570E00355A6B /* FourFunctionsTestViewController.swift */ = {isa = PBXFileReference; lastKnownFileType = sourcecode.swift; path = FourFunctionsTestViewController.swift; sourceTree = "<group>"; };
		1C0D258E02ECFCE47DE16DE4 /* Pods_PushViewTests.framework */ = {isa = PBXFileReference; explicitFileType = wrapper.framework; includeInIndex = 0; path = Pods_PushViewTests.framework; sourceTree = BUILT_PRODUCTS_DIR; };
		4DCE0D091FCCD35032AAD086 /* Pods-CommonPods-PushView.debug.xcconfig */ = {isa = PBXFileReference; includeInIndex = 1; lastKnownFileType = text.xcconfig; name = "Pods-CommonPods-PushView.debug.xcconfig"; path = "Pods/Target Support Files/Pods-CommonPods-PushView/Pods-CommonPods-PushView.debug.xcconfig"; sourceTree = "<group>"; };
		5CC468406232D3F6E4F7B06B /* Pods_CommonPods_PushView.framework */ = {isa = PBXFileReference; explicitFileType = wrapper.framework; includeInIndex = 0; path = Pods_CommonPods_PushView.framework; sourceTree = BUILT_PRODUCTS_DIR; };
		7F0E38CAEA841BC9F48BC2A1 /* Pods-PushViewUITests.release.xcconfig */ = {isa = PBXFileReference; includeInIndex = 1; lastKnownFileType = text.xcconfig; name = "Pods-PushViewUITests.release.xcconfig"; path = "Pods/Target Support Files/Pods-PushViewUITests/Pods-PushViewUITests.release.xcconfig"; sourceTree = "<group>"; };
		942702AFA8FC824D284DAD9F /* Pods-CommonPods-PushView.release.xcconfig */ = {isa = PBXFileReference; includeInIndex = 1; lastKnownFileType = text.xcconfig; name = "Pods-CommonPods-PushView.release.xcconfig"; path = "Pods/Target Support Files/Pods-CommonPods-PushView/Pods-CommonPods-PushView.release.xcconfig"; sourceTree = "<group>"; };
		AF181275FBD8A027F809A101 /* Pods_PushViewUITests.framework */ = {isa = PBXFileReference; explicitFileType = wrapper.framework; includeInIndex = 0; path = Pods_PushViewUITests.framework; sourceTree = BUILT_PRODUCTS_DIR; };
		BCDB04636E5E8CD6432A249D /* Pods-PushViewTests.debug.xcconfig */ = {isa = PBXFileReference; includeInIndex = 1; lastKnownFileType = text.xcconfig; name = "Pods-PushViewTests.debug.xcconfig"; path = "Pods/Target Support Files/Pods-PushViewTests/Pods-PushViewTests.debug.xcconfig"; sourceTree = "<group>"; };
		D4D1C4BE728258607E0B44F6 /* Pods-PushViewUITests.debug.xcconfig */ = {isa = PBXFileReference; includeInIndex = 1; lastKnownFileType = text.xcconfig; name = "Pods-PushViewUITests.debug.xcconfig"; path = "Pods/Target Support Files/Pods-PushViewUITests/Pods-PushViewUITests.debug.xcconfig"; sourceTree = "<group>"; };
		E362CCB33DB24EBDF39E0988 /* Pods-PushViewTests.release.xcconfig */ = {isa = PBXFileReference; includeInIndex = 1; lastKnownFileType = text.xcconfig; name = "Pods-PushViewTests.release.xcconfig"; path = "Pods/Target Support Files/Pods-PushViewTests/Pods-PushViewTests.release.xcconfig"; sourceTree = "<group>"; };
/* End PBXFileReference section */

/* Begin PBXFrameworksBuildPhase section */
		10C0786F2135562F00355A6B /* Frameworks */ = {
			isa = PBXFrameworksBuildPhase;
			buildActionMask = 2147483647;
			files = (
				1041546D214A070600FD793B /* FlexLayout.framework in Frameworks */,
				106A919F213FB0B9007B3DB1 /* Alamofire.framework in Frameworks */,
				1044489F2137DFFE006537A1 /* RxAnimated.framework in Frameworks */,
				104448A12137DFFE006537A1 /* RxCocoa.framework in Frameworks */,
				104448A32137DFFE006537A1 /* RxGesture.framework in Frameworks */,
				104448A52137DFFE006537A1 /* RxKeyboard.framework in Frameworks */,
				104448A72137DFFE006537A1 /* RxOptional.framework in Frameworks */,
				104448A92137DFFE006537A1 /* RxSwift.framework in Frameworks */,
				104448AB2137DFFE006537A1 /* RxSwiftExt.framework in Frameworks */,
				104448AD2137DFFE006537A1 /* SnapKit.framework in Frameworks */,
				FE274AE4A084DC140D19AA49 /* Pods_CommonPods_PushView.framework in Frameworks */,
			);
			runOnlyForDeploymentPostprocessing = 0;
		};
		10C078832135563000355A6B /* Frameworks */ = {
			isa = PBXFrameworksBuildPhase;
			buildActionMask = 2147483647;
			files = (
				FEE4FECED12C64FF96B1C422 /* Pods_PushViewTests.framework in Frameworks */,
			);
			runOnlyForDeploymentPostprocessing = 0;
		};
		10C0788E2135563000355A6B /* Frameworks */ = {
			isa = PBXFrameworksBuildPhase;
			buildActionMask = 2147483647;
			files = (
				82DCD302BFD1DD88DFCD4903 /* Pods_PushViewUITests.framework in Frameworks */,
			);
			runOnlyForDeploymentPostprocessing = 0;
		};
/* End PBXFrameworksBuildPhase section */

/* Begin PBXGroup section */
		104448AE2137E1A3006537A1 /* Kits */ = {
			isa = PBXGroup;
			children = (
			);
			path = Kits;
			sourceTree = "<group>";
		};
		10462F6221363404009D3C93 /* RooterViewController */ = {
			isa = PBXGroup;
			children = (
				10462F6E2136765D009D3C93 /* Home */,
				10462F6C21367650009D3C93 /* Mine */,
				10462F6D21367656009D3C93 /* Product */,
			);
			path = RooterViewController;
			sourceTree = "<group>";
		};
		10462F6921363EE5009D3C93 /* Common */ = {
			isa = PBXGroup;
			children = (
				104448AE2137E1A3006537A1 /* Kits */,
				10462F6A21363EF3009D3C93 /* Color.swift */,
			);
			path = Common;
			sourceTree = "<group>";
		};
		10462F6C21367650009D3C93 /* Mine */ = {
			isa = PBXGroup;
			children = (
				10462F632136341D009D3C93 /* MineViewController.swift */,
				10462F6F213676CA009D3C93 /* PushViewController.swift */,
			);
			path = Mine;
			sourceTree = "<group>";
		};
		10462F6D21367656009D3C93 /* Product */ = {
			isa = PBXGroup;
			children = (
				10462F6521363559009D3C93 /* ProductViewController.swift */,
			);
			path = Product;
			sourceTree = "<group>";
		};
		10462F6E2136765D009D3C93 /* Home */ = {
			isa = PBXGroup;
			children = (
				10750F71219AD91E00F1CFC3 /* Model */,
				104CD2C12195748E00F43B84 /* Tools */,
				1074C5D721943C62003B92BC /* View */,
				10462F672136360D009D3C93 /* HomeViewController.swift */,
				1074C5D32193E488003B92BC /* MakeVedioController.swift */,
				10BA31F921A24E6C00BC372E /* MakeSingleAudioController.swift */,
				1071965321995FF200B2C742 /* MakeMultiAudioController.swift */,
				106A8FB021AEA16300E38D41 /* PlaySingleAudioController.swift */,
			);
			path = Home;
			sourceTree = "<group>";
		};
		104CD2C12195748E00F43B84 /* Tools */ = {
			isa = PBXGroup;
			children = (
				104CD2C2219574A900F43B84 /* ToolsController.swift */,
				1034D6B0219EBA4D00F1E531 /* ButtonView.swift */,
				1034D6B2219EBD2600F1E531 /* LabelView.swift */,
			);
			path = Tools;
			sourceTree = "<group>";
		};
		1074C5D721943C62003B92BC /* View */ = {
			isa = PBXGroup;
			children = (
				10750F6D219AC8DD00F1CFC3 /* RecorderFileListTableView.swift */,
				10750F6F219ACA6C00F1CFC3 /* RecorderCell.swift */,
				1072A3D521951D3B0036EEEC /* VideoActionView.swift */,
				1074C5D821943C87003B92BC /* VideoToolsView.swift */,
				10BA31FC21A28C4600BC372E /* AudioActionView.swift */,
			);
			path = View;
			sourceTree = "<group>";
		};
		10750F71219AD91E00F1CFC3 /* Model */ = {
			isa = PBXGroup;
			children = (
				10750F72219AD93600F1CFC3 /* AudioModel.swift */,
			);
			path = Model;
			sourceTree = "<group>";
		};
		10C078692135562F00355A6B = {
			isa = PBXGroup;
			children = (
				10C078742135562F00355A6B /* PushView */,
				10C078892135563000355A6B /* PushViewTests */,
				10C078942135563000355A6B /* PushViewUITests */,
				10C078732135562F00355A6B /* Products */,
				4EF7C34559CE6BC414EB6D42 /* Pods */,
				7BB44E9BF6A4168403B701F8 /* Frameworks */,
			);
			sourceTree = "<group>";
		};
		10C078732135562F00355A6B /* Products */ = {
			isa = PBXGroup;
			children = (
				10C078722135562F00355A6B /* PushView.app */,
				10C078862135563000355A6B /* PushViewTests.xctest */,
				10C078912135563000355A6B /* PushViewUITests.xctest */,
			);
			name = Products;
			sourceTree = "<group>";
		};
		10C078742135562F00355A6B /* PushView */ = {
			isa = PBXGroup;
			children = (
				10462F6921363EE5009D3C93 /* Common */,
				10462F6221363404009D3C93 /* RooterViewController */,
				10C078752135562F00355A6B /* AppDelegate.swift */,
				10462F6021363336009D3C93 /* AppDelegate+windows.swift */,
				10C078772135562F00355A6B /* ViewController.swift */,
				10C078792135562F00355A6B /* Main.storyboard */,
				10C0787C2135563000355A6B /* Assets.xcassets */,
				10C0787E2135563000355A6B /* LaunchScreen.storyboard */,
				10C078812135563000355A6B /* Info.plist */,
				10C078A32135570E00355A6B /* FourFunctionsTestViewController.swift */,
			);
			path = PushView;
			sourceTree = "<group>";
		};
		10C078892135563000355A6B /* PushViewTests */ = {
			isa = PBXGroup;
			children = (
				10C0788A2135563000355A6B /* PushViewTests.swift */,
				10C0788C2135563000355A6B /* Info.plist */,
			);
			path = PushViewTests;
			sourceTree = "<group>";
		};
		10C078942135563000355A6B /* PushViewUITests */ = {
			isa = PBXGroup;
			children = (
				10C078952135563000355A6B /* PushViewUITests.swift */,
				10C078972135563000355A6B /* Info.plist */,
			);
			path = PushViewUITests;
			sourceTree = "<group>";
		};
		4EF7C34559CE6BC414EB6D42 /* Pods */ = {
			isa = PBXGroup;
			children = (
				4DCE0D091FCCD35032AAD086 /* Pods-CommonPods-PushView.debug.xcconfig */,
				942702AFA8FC824D284DAD9F /* Pods-CommonPods-PushView.release.xcconfig */,
				BCDB04636E5E8CD6432A249D /* Pods-PushViewTests.debug.xcconfig */,
				E362CCB33DB24EBDF39E0988 /* Pods-PushViewTests.release.xcconfig */,
				D4D1C4BE728258607E0B44F6 /* Pods-PushViewUITests.debug.xcconfig */,
				7F0E38CAEA841BC9F48BC2A1 /* Pods-PushViewUITests.release.xcconfig */,
			);
			name = Pods;
			sourceTree = "<group>";
		};
		7BB44E9BF6A4168403B701F8 /* Frameworks */ = {
			isa = PBXGroup;
			children = (
				1041546C214A070600FD793B /* FlexLayout.framework */,
				106A919E213FB0B9007B3DB1 /* Alamofire.framework */,
				1044489E2137DFFE006537A1 /* RxAnimated.framework */,
				104448A02137DFFE006537A1 /* RxCocoa.framework */,
				104448A22137DFFE006537A1 /* RxGesture.framework */,
				104448A42137DFFE006537A1 /* RxKeyboard.framework */,
				104448A62137DFFE006537A1 /* RxOptional.framework */,
				104448A82137DFFE006537A1 /* RxSwift.framework */,
				104448AA2137DFFE006537A1 /* RxSwiftExt.framework */,
				104448AC2137DFFE006537A1 /* SnapKit.framework */,
				5CC468406232D3F6E4F7B06B /* Pods_CommonPods_PushView.framework */,
				1C0D258E02ECFCE47DE16DE4 /* Pods_PushViewTests.framework */,
				AF181275FBD8A027F809A101 /* Pods_PushViewUITests.framework */,
			);
			name = Frameworks;
			sourceTree = "<group>";
		};
/* End PBXGroup section */

/* Begin PBXNativeTarget section */
		10C078712135562F00355A6B /* PushView */ = {
			isa = PBXNativeTarget;
			buildConfigurationList = 10C0789A2135563000355A6B /* Build configuration list for PBXNativeTarget "PushView" */;
			buildPhases = (
				E861E84724A08CD459B5FF62 /* [CP] Check Pods Manifest.lock */,
				10C0786E2135562F00355A6B /* Sources */,
				10C0786F2135562F00355A6B /* Frameworks */,
				10C078702135562F00355A6B /* Resources */,
				0E225528E53E002B52FBBA64 /* [CP] Embed Pods Frameworks */,
			);
			buildRules = (
			);
			dependencies = (
			);
			name = PushView;
			productName = PushView;
			productReference = 10C078722135562F00355A6B /* PushView.app */;
			productType = "com.apple.product-type.application";
		};
		10C078852135563000355A6B /* PushViewTests */ = {
			isa = PBXNativeTarget;
			buildConfigurationList = 10C0789D2135563000355A6B /* Build configuration list for PBXNativeTarget "PushViewTests" */;
			buildPhases = (
				BDCEC66E3EA4147F513CD029 /* [CP] Check Pods Manifest.lock */,
				10C078822135563000355A6B /* Sources */,
				10C078832135563000355A6B /* Frameworks */,
				10C078842135563000355A6B /* Resources */,
			);
			buildRules = (
			);
			dependencies = (
				10C078882135563000355A6B /* PBXTargetDependency */,
			);
			name = PushViewTests;
			productName = PushViewTests;
			productReference = 10C078862135563000355A6B /* PushViewTests.xctest */;
			productType = "com.apple.product-type.bundle.unit-test";
		};
		10C078902135563000355A6B /* PushViewUITests */ = {
			isa = PBXNativeTarget;
			buildConfigurationList = 10C078A02135563000355A6B /* Build configuration list for PBXNativeTarget "PushViewUITests" */;
			buildPhases = (
				BE01896724C99D6C20DFF90C /* [CP] Check Pods Manifest.lock */,
				10C0788D2135563000355A6B /* Sources */,
				10C0788E2135563000355A6B /* Frameworks */,
				10C0788F2135563000355A6B /* Resources */,
			);
			buildRules = (
			);
			dependencies = (
				10C078932135563000355A6B /* PBXTargetDependency */,
			);
			name = PushViewUITests;
			productName = PushViewUITests;
			productReference = 10C078912135563000355A6B /* PushViewUITests.xctest */;
			productType = "com.apple.product-type.bundle.ui-testing";
		};
/* End PBXNativeTarget section */

/* Begin PBXProject section */
		10C0786A2135562F00355A6B /* Project object */ = {
			isa = PBXProject;
			attributes = {
				LastSwiftUpdateCheck = 0940;
				LastUpgradeCheck = 0940;
				ORGANIZATIONNAME = Janise;
				TargetAttributes = {
					10C078712135562F00355A6B = {
						CreatedOnToolsVersion = 9.4;
					};
					10C078852135563000355A6B = {
						CreatedOnToolsVersion = 9.4;
						TestTargetID = 10C078712135562F00355A6B;
					};
					10C078902135563000355A6B = {
						CreatedOnToolsVersion = 9.4;
						TestTargetID = 10C078712135562F00355A6B;
					};
				};
			};
			buildConfigurationList = 10C0786D2135562F00355A6B /* Build configuration list for PBXProject "PushView" */;
			compatibilityVersion = "Xcode 9.3";
			developmentRegion = en;
			hasScannedForEncodings = 0;
			knownRegions = (
				en,
				Base,
			);
			mainGroup = 10C078692135562F00355A6B;
			productRefGroup = 10C078732135562F00355A6B /* Products */;
			projectDirPath = "";
			projectRoot = "";
			targets = (
				10C078712135562F00355A6B /* PushView */,
				10C078852135563000355A6B /* PushViewTests */,
				10C078902135563000355A6B /* PushViewUITests */,
			);
		};
/* End PBXProject section */

/* Begin PBXResourcesBuildPhase section */
		10C078702135562F00355A6B /* Resources */ = {
			isa = PBXResourcesBuildPhase;
			buildActionMask = 2147483647;
			files = (
				10C078802135563000355A6B /* LaunchScreen.storyboard in Resources */,
				10C0787D2135563000355A6B /* Assets.xcassets in Resources */,
				10C0787B2135562F00355A6B /* Main.storyboard in Resources */,
			);
			runOnlyForDeploymentPostprocessing = 0;
		};
		10C078842135563000355A6B /* Resources */ = {
			isa = PBXResourcesBuildPhase;
			buildActionMask = 2147483647;
			files = (
			);
			runOnlyForDeploymentPostprocessing = 0;
		};
		10C0788F2135563000355A6B /* Resources */ = {
			isa = PBXResourcesBuildPhase;
			buildActionMask = 2147483647;
			files = (
			);
			runOnlyForDeploymentPostprocessing = 0;
		};
/* End PBXResourcesBuildPhase section */

/* Begin PBXShellScriptBuildPhase section */
		0E225528E53E002B52FBBA64 /* [CP] Embed Pods Frameworks */ = {
			isa = PBXShellScriptBuildPhase;
			buildActionMask = 2147483647;
			files = (
			);
			inputPaths = (
				"${SRCROOT}/Pods/Target Support Files/Pods-CommonPods-PushView/Pods-CommonPods-PushView-frameworks.sh",
				"${BUILT_PRODUCTS_DIR}/Alamofire/Alamofire.framework",
				"${BUILT_PRODUCTS_DIR}/FlexLayout/FlexLayout.framework",
				"${BUILT_PRODUCTS_DIR}/Result/Result.framework",
				"${BUILT_PRODUCTS_DIR}/RxAnimated/RxAnimated.framework",
				"${BUILT_PRODUCTS_DIR}/RxCocoa/RxCocoa.framework",
				"${BUILT_PRODUCTS_DIR}/RxGesture/RxGesture.framework",
				"${BUILT_PRODUCTS_DIR}/RxKeyboard/RxKeyboard.framework",
				"${BUILT_PRODUCTS_DIR}/RxOptional/RxOptional.framework",
				"${BUILT_PRODUCTS_DIR}/RxSwift/RxSwift.framework",
				"${BUILT_PRODUCTS_DIR}/RxSwiftExt/RxSwiftExt.framework",
				"${BUILT_PRODUCTS_DIR}/SDWebImage/SDWebImage.framework",
				"${BUILT_PRODUCTS_DIR}/SnapKit/SnapKit.framework",
			);
			name = "[CP] Embed Pods Frameworks";
			outputPaths = (
				"${TARGET_BUILD_DIR}/${FRAMEWORKS_FOLDER_PATH}/Alamofire.framework",
				"${TARGET_BUILD_DIR}/${FRAMEWORKS_FOLDER_PATH}/FlexLayout.framework",
				"${TARGET_BUILD_DIR}/${FRAMEWORKS_FOLDER_PATH}/Result.framework",
				"${TARGET_BUILD_DIR}/${FRAMEWORKS_FOLDER_PATH}/RxAnimated.framework",
				"${TARGET_BUILD_DIR}/${FRAMEWORKS_FOLDER_PATH}/RxCocoa.framework",
				"${TARGET_BUILD_DIR}/${FRAMEWORKS_FOLDER_PATH}/RxGesture.framework",
				"${TARGET_BUILD_DIR}/${FRAMEWORKS_FOLDER_PATH}/RxKeyboard.framework",
				"${TARGET_BUILD_DIR}/${FRAMEWORKS_FOLDER_PATH}/RxOptional.framework",
				"${TARGET_BUILD_DIR}/${FRAMEWORKS_FOLDER_PATH}/RxSwift.framework",
				"${TARGET_BUILD_DIR}/${FRAMEWORKS_FOLDER_PATH}/RxSwiftExt.framework",
				"${TARGET_BUILD_DIR}/${FRAMEWORKS_FOLDER_PATH}/SDWebImage.framework",
				"${TARGET_BUILD_DIR}/${FRAMEWORKS_FOLDER_PATH}/SnapKit.framework",
			);
			runOnlyForDeploymentPostprocessing = 0;
			shellPath = /bin/sh;
			shellScript = "\"${SRCROOT}/Pods/Target Support Files/Pods-CommonPods-PushView/Pods-CommonPods-PushView-frameworks.sh\"\n";
			showEnvVarsInLog = 0;
		};
		BDCEC66E3EA4147F513CD029 /* [CP] Check Pods Manifest.lock */ = {
			isa = PBXShellScriptBuildPhase;
			buildActionMask = 2147483647;
			files = (
			);
			inputPaths = (
				"${PODS_PODFILE_DIR_PATH}/Podfile.lock",
				"${PODS_ROOT}/Manifest.lock",
			);
			name = "[CP] Check Pods Manifest.lock";
			outputPaths = (
				"$(DERIVED_FILE_DIR)/Pods-PushViewTests-checkManifestLockResult.txt",
			);
			runOnlyForDeploymentPostprocessing = 0;
			shellPath = /bin/sh;
			shellScript = "diff \"${PODS_PODFILE_DIR_PATH}/Podfile.lock\" \"${PODS_ROOT}/Manifest.lock\" > /dev/null\nif [ $? != 0 ] ; then\n    # print error to STDERR\n    echo \"error: The sandbox is not in sync with the Podfile.lock. Run 'pod install' or update your CocoaPods installation.\" >&2\n    exit 1\nfi\n# This output is used by Xcode 'outputs' to avoid re-running this script phase.\necho \"SUCCESS\" > \"${SCRIPT_OUTPUT_FILE_0}\"\n";
			showEnvVarsInLog = 0;
		};
		BE01896724C99D6C20DFF90C /* [CP] Check Pods Manifest.lock */ = {
			isa = PBXShellScriptBuildPhase;
			buildActionMask = 2147483647;
			files = (
			);
			inputPaths = (
				"${PODS_PODFILE_DIR_PATH}/Podfile.lock",
				"${PODS_ROOT}/Manifest.lock",
			);
			name = "[CP] Check Pods Manifest.lock";
			outputPaths = (
				"$(DERIVED_FILE_DIR)/Pods-PushViewUITests-checkManifestLockResult.txt",
			);
			runOnlyForDeploymentPostprocessing = 0;
			shellPath = /bin/sh;
			shellScript = "diff \"${PODS_PODFILE_DIR_PATH}/Podfile.lock\" \"${PODS_ROOT}/Manifest.lock\" > /dev/null\nif [ $? != 0 ] ; then\n    # print error to STDERR\n    echo \"error: The sandbox is not in sync with the Podfile.lock. Run 'pod install' or update your CocoaPods installation.\" >&2\n    exit 1\nfi\n# This output is used by Xcode 'outputs' to avoid re-running this script phase.\necho \"SUCCESS\" > \"${SCRIPT_OUTPUT_FILE_0}\"\n";
			showEnvVarsInLog = 0;
		};
		E861E84724A08CD459B5FF62 /* [CP] Check Pods Manifest.lock */ = {
			isa = PBXShellScriptBuildPhase;
			buildActionMask = 2147483647;
			files = (
			);
			inputPaths = (
				"${PODS_PODFILE_DIR_PATH}/Podfile.lock",
				"${PODS_ROOT}/Manifest.lock",
			);
			name = "[CP] Check Pods Manifest.lock";
			outputPaths = (
				"$(DERIVED_FILE_DIR)/Pods-CommonPods-PushView-checkManifestLockResult.txt",
			);
			runOnlyForDeploymentPostprocessing = 0;
			shellPath = /bin/sh;
			shellScript = "diff \"${PODS_PODFILE_DIR_PATH}/Podfile.lock\" \"${PODS_ROOT}/Manifest.lock\" > /dev/null\nif [ $? != 0 ] ; then\n    # print error to STDERR\n    echo \"error: The sandbox is not in sync with the Podfile.lock. Run 'pod install' or update your CocoaPods installation.\" >&2\n    exit 1\nfi\n# This output is used by Xcode 'outputs' to avoid re-running this script phase.\necho \"SUCCESS\" > \"${SCRIPT_OUTPUT_FILE_0}\"\n";
			showEnvVarsInLog = 0;
		};
/* End PBXShellScriptBuildPhase section */

/* Begin PBXSourcesBuildPhase section */
		10C0786E2135562F00355A6B /* Sources */ = {
			isa = PBXSourcesBuildPhase;
			buildActionMask = 2147483647;
			files = (
				10462F6621363559009D3C93 /* ProductViewController.swift in Sources */,
				10462F642136341D009D3C93 /* MineViewController.swift in Sources */,
				10C078782135562F00355A6B /* ViewController.swift in Sources */,
				10462F682136360D009D3C93 /* HomeViewController.swift in Sources */,
				10BA31FA21A24E6C00BC372E /* MakeSingleAudioController.swift in Sources */,
				10C078762135562F00355A6B /* AppDelegate.swift in Sources */,
				10462F70213676CA009D3C93 /* PushViewController.swift in Sources */,
				1072A3D621951D3B0036EEEC /* VideoActionView.swift in Sources */,
				1034D6B3219EBD2600F1E531 /* LabelView.swift in Sources */,
				1074C5D921943C87003B92BC /* VideoToolsView.swift in Sources */,
				10750F6E219AC8DD00F1CFC3 /* RecorderFileListTableView.swift in Sources */,
				10462F6B21363EF3009D3C93 /* Color.swift in Sources */,
				10462F6121363336009D3C93 /* AppDelegate+windows.swift in Sources */,
				10C078A42135570E00355A6B /* FourFunctionsTestViewController.swift in Sources */,
				10750F73219AD93600F1CFC3 /* AudioModel.swift in Sources */,
				1071965421995FF200B2C742 /* MakeMultiAudioController.swift in Sources */,
				1074C5D42193E488003B92BC /* MakeVedioController.swift in Sources */,
				10750F70219ACA6C00F1CFC3 /* RecorderCell.swift in Sources */,
				106A8FB121AEA16300E38D41 /* PlaySingleAudioController.swift in Sources */,
				104CD2C3219574A900F43B84 /* ToolsController.swift in Sources */,
				1034D6B1219EBA4D00F1E531 /* ButtonView.swift in Sources */,
				10BA31FD21A28C4600BC372E /* AudioActionView.swift in Sources */,
			);
			runOnlyForDeploymentPostprocessing = 0;
		};
		10C078822135563000355A6B /* Sources */ = {
			isa = PBXSourcesBuildPhase;
			buildActionMask = 2147483647;
			files = (
				10C0788B2135563000355A6B /* PushViewTests.swift in Sources */,
			);
			runOnlyForDeploymentPostprocessing = 0;
		};
		10C0788D2135563000355A6B /* Sources */ = {
			isa = PBXSourcesBuildPhase;
			buildActionMask = 2147483647;
			files = (
				10C078962135563000355A6B /* PushViewUITests.swift in Sources */,
			);
			runOnlyForDeploymentPostprocessing = 0;
		};
/* End PBXSourcesBuildPhase section */

/* Begin PBXTargetDependency section */
		10C078882135563000355A6B /* PBXTargetDependency */ = {
			isa = PBXTargetDependency;
			target = 10C078712135562F00355A6B /* PushView */;
			targetProxy = 10C078872135563000355A6B /* PBXContainerItemProxy */;
		};
		10C078932135563000355A6B /* PBXTargetDependency */ = {
			isa = PBXTargetDependency;
			target = 10C078712135562F00355A6B /* PushView */;
			targetProxy = 10C078922135563000355A6B /* PBXContainerItemProxy */;
		};
/* End PBXTargetDependency section */

/* Begin PBXVariantGroup section */
		10C078792135562F00355A6B /* Main.storyboard */ = {
			isa = PBXVariantGroup;
			children = (
				10C0787A2135562F00355A6B /* Base */,
			);
			name = Main.storyboard;
			sourceTree = "<group>";
		};
		10C0787E2135563000355A6B /* LaunchScreen.storyboard */ = {
			isa = PBXVariantGroup;
			children = (
				10C0787F2135563000355A6B /* Base */,
			);
			name = LaunchScreen.storyboard;
			sourceTree = "<group>";
		};
/* End PBXVariantGroup section */

/* Begin XCBuildConfiguration section */
		1059DEA221AF7C30007B5D6A /* Beta */ = {
			isa = XCBuildConfiguration;
			buildSettings = {
				ALWAYS_SEARCH_USER_PATHS = NO;
				CLANG_ANALYZER_NONNULL = YES;
				CLANG_ANALYZER_NUMBER_OBJECT_CONVERSION = YES_AGGRESSIVE;
				CLANG_CXX_LANGUAGE_STANDARD = "gnu++14";
				CLANG_CXX_LIBRARY = "libc++";
				CLANG_ENABLE_MODULES = YES;
				CLANG_ENABLE_OBJC_ARC = YES;
				CLANG_ENABLE_OBJC_WEAK = YES;
				CLANG_WARN_BLOCK_CAPTURE_AUTORELEASING = YES;
				CLANG_WARN_BOOL_CONVERSION = YES;
				CLANG_WARN_COMMA = YES;
				CLANG_WARN_CONSTANT_CONVERSION = YES;
				CLANG_WARN_DEPRECATED_OBJC_IMPLEMENTATIONS = YES;
				CLANG_WARN_DIRECT_OBJC_ISA_USAGE = YES_ERROR;
				CLANG_WARN_DOCUMENTATION_COMMENTS = YES;
				CLANG_WARN_EMPTY_BODY = YES;
				CLANG_WARN_ENUM_CONVERSION = YES;
				CLANG_WARN_INFINITE_RECURSION = YES;
				CLANG_WARN_INT_CONVERSION = YES;
				CLANG_WARN_NON_LITERAL_NULL_CONVERSION = YES;
				CLANG_WARN_OBJC_IMPLICIT_RETAIN_SELF = YES;
				CLANG_WARN_OBJC_LITERAL_CONVERSION = YES;
				CLANG_WARN_OBJC_ROOT_CLASS = YES_ERROR;
				CLANG_WARN_RANGE_LOOP_ANALYSIS = YES;
				CLANG_WARN_STRICT_PROTOTYPES = YES;
				CLANG_WARN_SUSPICIOUS_MOVE = YES;
				CLANG_WARN_UNGUARDED_AVAILABILITY = YES_AGGRESSIVE;
				CLANG_WARN_UNREACHABLE_CODE = YES;
				CLANG_WARN__DUPLICATE_METHOD_MATCH = YES;
				CODE_SIGN_IDENTITY = "iPhone Developer";
				COPY_PHASE_STRIP = NO;
				DEBUG_INFORMATION_FORMAT = dwarf;
				ENABLE_STRICT_OBJC_MSGSEND = YES;
				ENABLE_TESTABILITY = YES;
				GCC_C_LANGUAGE_STANDARD = gnu11;
				GCC_DYNAMIC_NO_PIC = NO;
				GCC_NO_COMMON_BLOCKS = YES;
				GCC_OPTIMIZATION_LEVEL = 0;
				GCC_PREPROCESSOR_DEFINITIONS = (
					"DEBUG=1",
					"$(inherited)",
				);
				GCC_WARN_64_TO_32_BIT_CONVERSION = YES;
				GCC_WARN_ABOUT_RETURN_TYPE = YES_ERROR;
				GCC_WARN_UNDECLARED_SELECTOR = YES;
				GCC_WARN_UNINITIALIZED_AUTOS = YES_AGGRESSIVE;
				GCC_WARN_UNUSED_FUNCTION = YES;
				GCC_WARN_UNUSED_VARIABLE = YES;
				IPHONEOS_DEPLOYMENT_TARGET = 11.0;
				MTL_ENABLE_DEBUG_INFO = YES;
				ONLY_ACTIVE_ARCH = YES;
				SDKROOT = iphoneos;
				SWIFT_ACTIVE_COMPILATION_CONDITIONS = DEBUG;
				SWIFT_OPTIMIZATION_LEVEL = "-Onone";
			};
			name = Beta;
		};
		1059DEA321AF7C30007B5D6A /* Beta */ = {
			isa = XCBuildConfiguration;
			baseConfigurationReference = 4DCE0D091FCCD35032AAD086 /* Pods-CommonPods-PushView.debug.xcconfig */;
			buildSettings = {
				ASSETCATALOG_COMPILER_APPICON_NAME = AppIcon;
				CODE_SIGN_STYLE = Automatic;
				DEVELOPMENT_TEAM = MG2ZSL4NR6;
				INFOPLIST_FILE = PushView/Info.plist;
				LD_RUNPATH_SEARCH_PATHS = (
					"$(inherited)",
					"@executable_path/Frameworks",
				);
				PRODUCT_BUNDLE_IDENTIFIER = Janise.PushView;
				PRODUCT_NAME = "$(TARGET_NAME)";
				SWIFT_VERSION = 4.0;
				TARGETED_DEVICE_FAMILY = "1,2";
			};
			name = Beta;
		};
		1059DEA421AF7C30007B5D6A /* Beta */ = {
			isa = XCBuildConfiguration;
			baseConfigurationReference = BCDB04636E5E8CD6432A249D /* Pods-PushViewTests.debug.xcconfig */;
			buildSettings = {
				ALWAYS_EMBED_SWIFT_STANDARD_LIBRARIES = YES;
				BUNDLE_LOADER = "$(TEST_HOST)";
				CODE_SIGN_STYLE = Automatic;
				INFOPLIST_FILE = PushViewTests/Info.plist;
				LD_RUNPATH_SEARCH_PATHS = (
					"$(inherited)",
					"@executable_path/Frameworks",
					"@loader_path/Frameworks",
				);
				PRODUCT_BUNDLE_IDENTIFIER = Janise.PushViewTests;
				PRODUCT_NAME = "$(TARGET_NAME)";
				SWIFT_VERSION = 4.0;
				TARGETED_DEVICE_FAMILY = "1,2";
				TEST_HOST = "$(BUILT_PRODUCTS_DIR)/PushView.app/PushView";
			};
			name = Beta;
		};
		1059DEA521AF7C30007B5D6A /* Beta */ = {
			isa = XCBuildConfiguration;
			baseConfigurationReference = D4D1C4BE728258607E0B44F6 /* Pods-PushViewUITests.debug.xcconfig */;
			buildSettings = {
				ALWAYS_EMBED_SWIFT_STANDARD_LIBRARIES = YES;
				CODE_SIGN_STYLE = Automatic;
				INFOPLIST_FILE = PushViewUITests/Info.plist;
				LD_RUNPATH_SEARCH_PATHS = (
					"$(inherited)",
					"@executable_path/Frameworks",
					"@loader_path/Frameworks",
				);
				PRODUCT_BUNDLE_IDENTIFIER = Janise.PushViewUITests;
				PRODUCT_NAME = "$(TARGET_NAME)";
				SWIFT_VERSION = 4.0;
				TARGETED_DEVICE_FAMILY = "1,2";
				TEST_TARGET_NAME = PushView;
			};
			name = Beta;
		};
		10C078982135563000355A6B /* Debug */ = {
			isa = XCBuildConfiguration;
			buildSettings = {
				ALWAYS_SEARCH_USER_PATHS = NO;
				CLANG_ANALYZER_NONNULL = YES;
				CLANG_ANALYZER_NUMBER_OBJECT_CONVERSION = YES_AGGRESSIVE;
				CLANG_CXX_LANGUAGE_STANDARD = "gnu++14";
				CLANG_CXX_LIBRARY = "libc++";
				CLANG_ENABLE_MODULES = YES;
				CLANG_ENABLE_OBJC_ARC = YES;
				CLANG_ENABLE_OBJC_WEAK = YES;
				CLANG_WARN_BLOCK_CAPTURE_AUTORELEASING = YES;
				CLANG_WARN_BOOL_CONVERSION = YES;
				CLANG_WARN_COMMA = YES;
				CLANG_WARN_CONSTANT_CONVERSION = YES;
				CLANG_WARN_DEPRECATED_OBJC_IMPLEMENTATIONS = YES;
				CLANG_WARN_DIRECT_OBJC_ISA_USAGE = YES_ERROR;
				CLANG_WARN_DOCUMENTATION_COMMENTS = YES;
				CLANG_WARN_EMPTY_BODY = YES;
				CLANG_WARN_ENUM_CONVERSION = YES;
				CLANG_WARN_INFINITE_RECURSION = YES;
				CLANG_WARN_INT_CONVERSION = YES;
				CLANG_WARN_NON_LITERAL_NULL_CONVERSION = YES;
				CLANG_WARN_OBJC_IMPLICIT_RETAIN_SELF = YES;
				CLANG_WARN_OBJC_LITERAL_CONVERSION = YES;
				CLANG_WARN_OBJC_ROOT_CLASS = YES_ERROR;
				CLANG_WARN_RANGE_LOOP_ANALYSIS = YES;
				CLANG_WARN_STRICT_PROTOTYPES = YES;
				CLANG_WARN_SUSPICIOUS_MOVE = YES;
				CLANG_WARN_UNGUARDED_AVAILABILITY = YES_AGGRESSIVE;
				CLANG_WARN_UNREACHABLE_CODE = YES;
				CLANG_WARN__DUPLICATE_METHOD_MATCH = YES;
				CODE_SIGN_IDENTITY = "iPhone Developer";
				COPY_PHASE_STRIP = NO;
				DEBUG_INFORMATION_FORMAT = dwarf;
				ENABLE_STRICT_OBJC_MSGSEND = YES;
				ENABLE_TESTABILITY = YES;
				GCC_C_LANGUAGE_STANDARD = gnu11;
				GCC_DYNAMIC_NO_PIC = NO;
				GCC_NO_COMMON_BLOCKS = YES;
				GCC_OPTIMIZATION_LEVEL = 0;
				GCC_PREPROCESSOR_DEFINITIONS = (
					"DEBUG=1",
					"$(inherited)",
				);
				GCC_WARN_64_TO_32_BIT_CONVERSION = YES;
				GCC_WARN_ABOUT_RETURN_TYPE = YES_ERROR;
				GCC_WARN_UNDECLARED_SELECTOR = YES;
				GCC_WARN_UNINITIALIZED_AUTOS = YES_AGGRESSIVE;
				GCC_WARN_UNUSED_FUNCTION = YES;
				GCC_WARN_UNUSED_VARIABLE = YES;
				IPHONEOS_DEPLOYMENT_TARGET = 11.0;
				MTL_ENABLE_DEBUG_INFO = YES;
				ONLY_ACTIVE_ARCH = YES;
				SDKROOT = iphoneos;
				SWIFT_ACTIVE_COMPILATION_CONDITIONS = DEBUG;
				SWIFT_OPTIMIZATION_LEVEL = "-Onone";
			};
			name = Debug;
		};
		10C078992135563000355A6B /* Release */ = {
			isa = XCBuildConfiguration;
			buildSettings = {
				ALWAYS_SEARCH_USER_PATHS = NO;
				CLANG_ANALYZER_NONNULL = YES;
				CLANG_ANALYZER_NUMBER_OBJECT_CONVERSION = YES_AGGRESSIVE;
				CLANG_CXX_LANGUAGE_STANDARD = "gnu++14";
				CLANG_CXX_LIBRARY = "libc++";
				CLANG_ENABLE_MODULES = YES;
				CLANG_ENABLE_OBJC_ARC = YES;
				CLANG_ENABLE_OBJC_WEAK = YES;
				CLANG_WARN_BLOCK_CAPTURE_AUTORELEASING = YES;
				CLANG_WARN_BOOL_CONVERSION = YES;
				CLANG_WARN_COMMA = YES;
				CLANG_WARN_CONSTANT_CONVERSION = YES;
				CLANG_WARN_DEPRECATED_OBJC_IMPLEMENTATIONS = YES;
				CLANG_WARN_DIRECT_OBJC_ISA_USAGE = YES_ERROR;
				CLANG_WARN_DOCUMENTATION_COMMENTS = YES;
				CLANG_WARN_EMPTY_BODY = YES;
				CLANG_WARN_ENUM_CONVERSION = YES;
				CLANG_WARN_INFINITE_RECURSION = YES;
				CLANG_WARN_INT_CONVERSION = YES;
				CLANG_WARN_NON_LITERAL_NULL_CONVERSION = YES;
				CLANG_WARN_OBJC_IMPLICIT_RETAIN_SELF = YES;
				CLANG_WARN_OBJC_LITERAL_CONVERSION = YES;
				CLANG_WARN_OBJC_ROOT_CLASS = YES_ERROR;
				CLANG_WARN_RANGE_LOOP_ANALYSIS = YES;
				CLANG_WARN_STRICT_PROTOTYPES = YES;
				CLANG_WARN_SUSPICIOUS_MOVE = YES;
				CLANG_WARN_UNGUARDED_AVAILABILITY = YES_AGGRESSIVE;
				CLANG_WARN_UNREACHABLE_CODE = YES;
				CLANG_WARN__DUPLICATE_METHOD_MATCH = YES;
				CODE_SIGN_IDENTITY = "iPhone Developer";
				COPY_PHASE_STRIP = NO;
				DEBUG_INFORMATION_FORMAT = "dwarf-with-dsym";
				ENABLE_NS_ASSERTIONS = NO;
				ENABLE_STRICT_OBJC_MSGSEND = YES;
				GCC_C_LANGUAGE_STANDARD = gnu11;
				GCC_NO_COMMON_BLOCKS = YES;
				GCC_WARN_64_TO_32_BIT_CONVERSION = YES;
				GCC_WARN_ABOUT_RETURN_TYPE = YES_ERROR;
				GCC_WARN_UNDECLARED_SELECTOR = YES;
				GCC_WARN_UNINITIALIZED_AUTOS = YES_AGGRESSIVE;
				GCC_WARN_UNUSED_FUNCTION = YES;
				GCC_WARN_UNUSED_VARIABLE = YES;
				IPHONEOS_DEPLOYMENT_TARGET = 11.0;
				MTL_ENABLE_DEBUG_INFO = NO;
				SDKROOT = iphoneos;
				SWIFT_COMPILATION_MODE = wholemodule;
				SWIFT_OPTIMIZATION_LEVEL = "-O";
				VALIDATE_PRODUCT = YES;
			};
			name = Release;
		};
		10C0789B2135563000355A6B /* Debug */ = {
			isa = XCBuildConfiguration;
			baseConfigurationReference = 4DCE0D091FCCD35032AAD086 /* Pods-CommonPods-PushView.debug.xcconfig */;
			buildSettings = {
				ASSETCATALOG_COMPILER_APPICON_NAME = AppIcon;
				CODE_SIGN_STYLE = Automatic;
				DEVELOPMENT_TEAM = MG2ZSL4NR6;
				INFOPLIST_FILE = PushView/Info.plist;
				LD_RUNPATH_SEARCH_PATHS = (
					"$(inherited)",
					"@executable_path/Frameworks",
				);
				PRODUCT_BUNDLE_IDENTIFIER = Janise.PushView;
				PRODUCT_NAME = "$(TARGET_NAME)";
				SWIFT_VERSION = 4.0;
				TARGETED_DEVICE_FAMILY = "1,2";
			};
			name = Debug;
		};
		10C0789C2135563000355A6B /* Release */ = {
			isa = XCBuildConfiguration;
			baseConfigurationReference = 942702AFA8FC824D284DAD9F /* Pods-CommonPods-PushView.release.xcconfig */;
			buildSettings = {
				ASSETCATALOG_COMPILER_APPICON_NAME = AppIcon;
				CODE_SIGN_STYLE = Automatic;
				DEVELOPMENT_TEAM = MG2ZSL4NR6;
				INFOPLIST_FILE = PushView/Info.plist;
				LD_RUNPATH_SEARCH_PATHS = (
					"$(inherited)",
					"@executable_path/Frameworks",
				);
				PRODUCT_BUNDLE_IDENTIFIER = Janise.PushView;
				PRODUCT_NAME = "$(TARGET_NAME)";
				SWIFT_VERSION = 4.0;
				TARGETED_DEVICE_FAMILY = "1,2";
			};
			name = Release;
		};
		10C0789E2135563000355A6B /* Debug */ = {
			isa = XCBuildConfiguration;
			baseConfigurationReference = BCDB04636E5E8CD6432A249D /* Pods-PushViewTests.debug.xcconfig */;
			buildSettings = {
				ALWAYS_EMBED_SWIFT_STANDARD_LIBRARIES = YES;
				BUNDLE_LOADER = "$(TEST_HOST)";
				CODE_SIGN_STYLE = Automatic;
				INFOPLIST_FILE = PushViewTests/Info.plist;
				LD_RUNPATH_SEARCH_PATHS = (
					"$(inherited)",
					"@executable_path/Frameworks",
					"@loader_path/Frameworks",
				);
				PRODUCT_BUNDLE_IDENTIFIER = Janise.PushViewTests;
				PRODUCT_NAME = "$(TARGET_NAME)";
				SWIFT_VERSION = 4.0;
				TARGETED_DEVICE_FAMILY = "1,2";
				TEST_HOST = "$(BUILT_PRODUCTS_DIR)/PushView.app/PushView";
			};
			name = Debug;
		};
		10C0789F2135563000355A6B /* Release */ = {
			isa = XCBuildConfiguration;
			baseConfigurationReference = E362CCB33DB24EBDF39E0988 /* Pods-PushViewTests.release.xcconfig */;
			buildSettings = {
				ALWAYS_EMBED_SWIFT_STANDARD_LIBRARIES = YES;
				BUNDLE_LOADER = "$(TEST_HOST)";
				CODE_SIGN_STYLE = Automatic;
				INFOPLIST_FILE = PushViewTests/Info.plist;
				LD_RUNPATH_SEARCH_PATHS = (
					"$(inherited)",
					"@executable_path/Frameworks",
					"@loader_path/Frameworks",
				);
				PRODUCT_BUNDLE_IDENTIFIER = Janise.PushViewTests;
				PRODUCT_NAME = "$(TARGET_NAME)";
				SWIFT_VERSION = 4.0;
				TARGETED_DEVICE_FAMILY = "1,2";
				TEST_HOST = "$(BUILT_PRODUCTS_DIR)/PushView.app/PushView";
			};
			name = Release;
		};
		10C078A12135563000355A6B /* Debug */ = {
			isa = XCBuildConfiguration;
			baseConfigurationReference = D4D1C4BE728258607E0B44F6 /* Pods-PushViewUITests.debug.xcconfig */;
			buildSettings = {
				ALWAYS_EMBED_SWIFT_STANDARD_LIBRARIES = YES;
				CODE_SIGN_STYLE = Automatic;
				INFOPLIST_FILE = PushViewUITests/Info.plist;
				LD_RUNPATH_SEARCH_PATHS = (
					"$(inherited)",
					"@executable_path/Frameworks",
					"@loader_path/Frameworks",
				);
				PRODUCT_BUNDLE_IDENTIFIER = Janise.PushViewUITests;
				PRODUCT_NAME = "$(TARGET_NAME)";
				SWIFT_VERSION = 4.0;
				TARGETED_DEVICE_FAMILY = "1,2";
				TEST_TARGET_NAME = PushView;
			};
			name = Debug;
		};
		10C078A22135563000355A6B /* Release */ = {
			isa = XCBuildConfiguration;
			baseConfigurationReference = 7F0E38CAEA841BC9F48BC2A1 /* Pods-PushViewUITests.release.xcconfig */;
			buildSettings = {
				ALWAYS_EMBED_SWIFT_STANDARD_LIBRARIES = YES;
				CODE_SIGN_STYLE = Automatic;
				INFOPLIST_FILE = PushViewUITests/Info.plist;
				LD_RUNPATH_SEARCH_PATHS = (
					"$(inherited)",
					"@executable_path/Frameworks",
					"@loader_path/Frameworks",
				);
				PRODUCT_BUNDLE_IDENTIFIER = Janise.PushViewUITests;
				PRODUCT_NAME = "$(TARGET_NAME)";
				SWIFT_VERSION = 4.0;
				TARGETED_DEVICE_FAMILY = "1,2";
				TEST_TARGET_NAME = PushView;
			};
			name = Release;
		};
/* End XCBuildConfiguration section */

/* Begin XCConfigurationList section */
		10C0786D2135562F00355A6B /* Build configuration list for PBXProject "PushView" */ = {
			isa = XCConfigurationList;
			buildConfigurations = (
				10C078982135563000355A6B /* Debug */,
				1059DEA221AF7C30007B5D6A /* Beta */,
				10C078992135563000355A6B /* Release */,
			);
			defaultConfigurationIsVisible = 0;
			defaultConfigurationName = Beta;
		};
		10C0789A2135563000355A6B /* Build configuration list for PBXNativeTarget "PushView" */ = {
			isa = XCConfigurationList;
			buildConfigurations = (
				10C0789B2135563000355A6B /* Debug */,
				1059DEA321AF7C30007B5D6A /* Beta */,
				10C0789C2135563000355A6B /* Release */,
			);
			defaultConfigurationIsVisible = 0;
			defaultConfigurationName = Beta;
		};
		10C0789D2135563000355A6B /* Build configuration list for PBXNativeTarget "PushViewTests" */ = {
			isa = XCConfigurationList;
			buildConfigurations = (
				10C0789E2135563000355A6B /* Debug */,
				1059DEA421AF7C30007B5D6A /* Beta */,
				10C0789F2135563000355A6B /* Release */,
			);
			defaultConfigurationIsVisible = 0;
			defaultConfigurationName = Beta;
		};
		10C078A02135563000355A6B /* Build configuration list for PBXNativeTarget "PushViewUITests" */ = {
			isa = XCConfigurationList;
			buildConfigurations = (
				10C078A12135563000355A6B /* Debug */,
				1059DEA521AF7C30007B5D6A /* Beta */,
				10C078A22135563000355A6B /* Release */,
			);
			defaultConfigurationIsVisible = 0;
			defaultConfigurationName = Beta;
		};
/* End XCConfigurationList section */
	};
	rootObject = 10C0786A2135562F00355A6B /* Project object */;
}
